// !$*UTF8*$!
{
	archiveVersion = 1;
	classes = {
	};
	objectVersion = 52;
	objects = {

/* Begin PBXBuildFile section */
		040FAC1B13F844427E929A5B /* Pods_FlixClone.framework in Frameworks */ = {isa = PBXBuildFile; fileRef = 9C42B0F7186C3843E70D11F9 /* Pods_FlixClone.framework */; };
		255E105426F96F7900632D0D /* MovieDetailsViewController.swift in Sources */ = {isa = PBXBuildFile; fileRef = 255E105326F96F7900632D0D /* MovieDetailsViewController.swift */; };
		256904F726FACE8700B8125F /* MovieGridViewController.swift in Sources */ = {isa = PBXBuildFile; fileRef = 256904F626FACE8700B8125F /* MovieGridViewController.swift */; };
		256904F926FAD6BD00B8125F /* MovieGridCell.swift in Sources */ = {isa = PBXBuildFile; fileRef = 256904F826FAD6BD00B8125F /* MovieGridCell.swift */; };
		25A2158926EECD2D00EADF3B /* AlamofireImage in Frameworks */ = {isa = PBXBuildFile; productRef = 25A2158826EECD2D00EADF3B /* AlamofireImage */; };
		25C5DB9926E811BD0045301F /* AppDelegate.swift in Sources */ = {isa = PBXBuildFile; fileRef = 25C5DB9826E811BD0045301F /* AppDelegate.swift */; };
		25C5DB9B26E811BD0045301F /* SceneDelegate.swift in Sources */ = {isa = PBXBuildFile; fileRef = 25C5DB9A26E811BD0045301F /* SceneDelegate.swift */; };
		25C5DBA026E811BD0045301F /* Main.storyboard in Resources */ = {isa = PBXBuildFile; fileRef = 25C5DB9E26E811BD0045301F /* Main.storyboard */; };
		25C5DBA226E811C00045301F /* Assets.xcassets in Resources */ = {isa = PBXBuildFile; fileRef = 25C5DBA126E811C00045301F /* Assets.xcassets */; };
		25C5DBA526E811C00045301F /* LaunchScreen.storyboard in Resources */ = {isa = PBXBuildFile; fileRef = 25C5DBA326E811C00045301F /* LaunchScreen.storyboard */; };
		25C5DBB026E811C10045301F /* FlixCloneTests.swift in Sources */ = {isa = PBXBuildFile; fileRef = 25C5DBAF26E811C10045301F /* FlixCloneTests.swift */; };
		25C5DBBB26E811C10045301F /* FlixCloneUITests.swift in Sources */ = {isa = PBXBuildFile; fileRef = 25C5DBBA26E811C10045301F /* FlixCloneUITests.swift */; };
		25C5DBC926E813D90045301F /* MoviesViewController.swift in Sources */ = {isa = PBXBuildFile; fileRef = 25C5DBC826E813D90045301F /* MoviesViewController.swift */; };
		25CFE35A26EAAADF0007205C /* MovieCell.swift in Sources */ = {isa = PBXBuildFile; fileRef = 25CFE35926EAAADF0007205C /* MovieCell.swift */; };
		2F70A05FFB00D84ECDA6034A /* Pods_FlixClone_FlixCloneUITests.framework in Frameworks */ = {isa = PBXBuildFile; fileRef = 0C7DA96353E5A395A0452639 /* Pods_FlixClone_FlixCloneUITests.framework */; };
		36FA577F33DC35B1153EB36A /* Pods_FlixCloneTests.framework in Frameworks */ = {isa = PBXBuildFile; fileRef = 5A3165E61A1476AEBD10C31F /* Pods_FlixCloneTests.framework */; };
/* End PBXBuildFile section */

/* Begin PBXContainerItemProxy section */
		25C5DBAC26E811C10045301F /* PBXContainerItemProxy */ = {
			isa = PBXContainerItemProxy;
			containerPortal = 25C5DB8D26E811BD0045301F /* Project object */;
			proxyType = 1;
			remoteGlobalIDString = 25C5DB9426E811BD0045301F;
			remoteInfo = FlixClone;
		};
		25C5DBB726E811C10045301F /* PBXContainerItemProxy */ = {
			isa = PBXContainerItemProxy;
			containerPortal = 25C5DB8D26E811BD0045301F /* Project object */;
			proxyType = 1;
			remoteGlobalIDString = 25C5DB9426E811BD0045301F;
			remoteInfo = FlixClone;
		};
/* End PBXContainerItemProxy section */

/* Begin PBXFileReference section */
		0C7DA96353E5A395A0452639 /* Pods_FlixClone_FlixCloneUITests.framework */ = {isa = PBXFileReference; explicitFileType = wrapper.framework; includeInIndex = 0; path = Pods_FlixClone_FlixCloneUITests.framework; sourceTree = BUILT_PRODUCTS_DIR; };
		255E105326F96F7900632D0D /* MovieDetailsViewController.swift */ = {isa = PBXFileReference; lastKnownFileType = sourcecode.swift; path = MovieDetailsViewController.swift; sourceTree = "<group>"; };
		256904F626FACE8700B8125F /* MovieGridViewController.swift */ = {isa = PBXFileReference; lastKnownFileType = sourcecode.swift; path = MovieGridViewController.swift; sourceTree = "<group>"; };
		256904F826FAD6BD00B8125F /* MovieGridCell.swift */ = {isa = PBXFileReference; lastKnownFileType = sourcecode.swift; path = MovieGridCell.swift; sourceTree = "<group>"; };
		25C5DB9526E811BD0045301F /* FlixClone.app */ = {isa = PBXFileReference; explicitFileType = wrapper.application; includeInIndex = 0; path = FlixClone.app; sourceTree = BUILT_PRODUCTS_DIR; };
		25C5DB9826E811BD0045301F /* AppDelegate.swift */ = {isa = PBXFileReference; lastKnownFileType = sourcecode.swift; path = AppDelegate.swift; sourceTree = "<group>"; };
		25C5DB9A26E811BD0045301F /* SceneDelegate.swift */ = {isa = PBXFileReference; lastKnownFileType = sourcecode.swift; path = SceneDelegate.swift; sourceTree = "<group>"; };
		25C5DB9F26E811BD0045301F /* Base */ = {isa = PBXFileReference; lastKnownFileType = file.storyboard; name = Base; path = Base.lproj/Main.storyboard; sourceTree = "<group>"; };
		25C5DBA126E811C00045301F /* Assets.xcassets */ = {isa = PBXFileReference; lastKnownFileType = folder.assetcatalog; path = Assets.xcassets; sourceTree = "<group>"; };
		25C5DBA426E811C00045301F /* Base */ = {isa = PBXFileReference; lastKnownFileType = file.storyboard; name = Base; path = Base.lproj/LaunchScreen.storyboard; sourceTree = "<group>"; };
		25C5DBA626E811C00045301F /* Info.plist */ = {isa = PBXFileReference; lastKnownFileType = text.plist.xml; path = Info.plist; sourceTree = "<group>"; };
		25C5DBAB26E811C10045301F /* FlixCloneTests.xctest */ = {isa = PBXFileReference; explicitFileType = wrapper.cfbundle; includeInIndex = 0; path = FlixCloneTests.xctest; sourceTree = BUILT_PRODUCTS_DIR; };
		25C5DBAF26E811C10045301F /* FlixCloneTests.swift */ = {isa = PBXFileReference; lastKnownFileType = sourcecode.swift; path = FlixCloneTests.swift; sourceTree = "<group>"; };
		25C5DBB126E811C10045301F /* Info.plist */ = {isa = PBXFileReference; lastKnownFileType = text.plist.xml; path = Info.plist; sourceTree = "<group>"; };
		25C5DBB626E811C10045301F /* FlixCloneUITests.xctest */ = {isa = PBXFileReference; explicitFileType = wrapper.cfbundle; includeInIndex = 0; path = FlixCloneUITests.xctest; sourceTree = BUILT_PRODUCTS_DIR; };
		25C5DBBA26E811C10045301F /* FlixCloneUITests.swift */ = {isa = PBXFileReference; lastKnownFileType = sourcecode.swift; path = FlixCloneUITests.swift; sourceTree = "<group>"; };
		25C5DBBC26E811C10045301F /* Info.plist */ = {isa = PBXFileReference; lastKnownFileType = text.plist.xml; path = Info.plist; sourceTree = "<group>"; };
		25C5DBC826E813D90045301F /* MoviesViewController.swift */ = {isa = PBXFileReference; lastKnownFileType = sourcecode.swift; path = MoviesViewController.swift; sourceTree = "<group>"; };
		25CFE35926EAAADF0007205C /* MovieCell.swift */ = {isa = PBXFileReference; lastKnownFileType = sourcecode.swift; path = MovieCell.swift; sourceTree = "<group>"; };
		297ACACBD93B218368B1EE9D /* Pods-FlixCloneTests.release.xcconfig */ = {isa = PBXFileReference; includeInIndex = 1; lastKnownFileType = text.xcconfig; name = "Pods-FlixCloneTests.release.xcconfig"; path = "Target Support Files/Pods-FlixCloneTests/Pods-FlixCloneTests.release.xcconfig"; sourceTree = "<group>"; };
		57483F3BA2999A2B43402842 /* Pods-FlixClone-FlixCloneUITests.release.xcconfig */ = {isa = PBXFileReference; includeInIndex = 1; lastKnownFileType = text.xcconfig; name = "Pods-FlixClone-FlixCloneUITests.release.xcconfig"; path = "Target Support Files/Pods-FlixClone-FlixCloneUITests/Pods-FlixClone-FlixCloneUITests.release.xcconfig"; sourceTree = "<group>"; };
		5A3165E61A1476AEBD10C31F /* Pods_FlixCloneTests.framework */ = {isa = PBXFileReference; explicitFileType = wrapper.framework; includeInIndex = 0; path = Pods_FlixCloneTests.framework; sourceTree = BUILT_PRODUCTS_DIR; };
		84B20866B65704C49018B2CE /* Pods-FlixClone-FlixCloneUITests.debug.xcconfig */ = {isa = PBXFileReference; includeInIndex = 1; lastKnownFileType = text.xcconfig; name = "Pods-FlixClone-FlixCloneUITests.debug.xcconfig"; path = "Target Support Files/Pods-FlixClone-FlixCloneUITests/Pods-FlixClone-FlixCloneUITests.debug.xcconfig"; sourceTree = "<group>"; };
		9C0E0E6B2641727F793B80A6 /* Pods-FlixClone.debug.xcconfig */ = {isa = PBXFileReference; includeInIndex = 1; lastKnownFileType = text.xcconfig; name = "Pods-FlixClone.debug.xcconfig"; path = "Target Support Files/Pods-FlixClone/Pods-FlixClone.debug.xcconfig"; sourceTree = "<group>"; };
		9C42B0F7186C3843E70D11F9 /* Pods_FlixClone.framework */ = {isa = PBXFileReference; explicitFileType = wrapper.framework; includeInIndex = 0; path = Pods_FlixClone.framework; sourceTree = BUILT_PRODUCTS_DIR; };
		D844362E07E55881ADDABA2D /* Pods-FlixCloneTests.debug.xcconfig */ = {isa = PBXFileReference; includeInIndex = 1; lastKnownFileType = text.xcconfig; name = "Pods-FlixCloneTests.debug.xcconfig"; path = "Target Support Files/Pods-FlixCloneTests/Pods-FlixCloneTests.debug.xcconfig"; sourceTree = "<group>"; };
		F5EE5FE46F164498A686D4CF /* Pods-FlixClone.release.xcconfig */ = {isa = PBXFileReference; includeInIndex = 1; lastKnownFileType = text.xcconfig; name = "Pods-FlixClone.release.xcconfig"; path = "Target Support Files/Pods-FlixClone/Pods-FlixClone.release.xcconfig"; sourceTree = "<group>"; };
/* End PBXFileReference section */

/* Begin PBXFrameworksBuildPhase section */
		25C5DB9226E811BD0045301F /* Frameworks */ = {
			isa = PBXFrameworksBuildPhase;
			buildActionMask = 2147483647;
			files = (
				25A2158926EECD2D00EADF3B /* AlamofireImage in Frameworks */,
				040FAC1B13F844427E929A5B /* Pods_FlixClone.framework in Frameworks */,
			);
			runOnlyForDeploymentPostprocessing = 0;
		};
		25C5DBA826E811C10045301F /* Frameworks */ = {
			isa = PBXFrameworksBuildPhase;
			buildActionMask = 2147483647;
			files = (
				36FA577F33DC35B1153EB36A /* Pods_FlixCloneTests.framework in Frameworks */,
			);
			runOnlyForDeploymentPostprocessing = 0;
		};
		25C5DBB326E811C10045301F /* Frameworks */ = {
			isa = PBXFrameworksBuildPhase;
			buildActionMask = 2147483647;
			files = (
				2F70A05FFB00D84ECDA6034A /* Pods_FlixClone_FlixCloneUITests.framework in Frameworks */,
			);
			runOnlyForDeploymentPostprocessing = 0;
		};
/* End PBXFrameworksBuildPhase section */

/* Begin PBXGroup section */
		05BB68B67432163D26A8F617 /* Frameworks */ = {
			isa = PBXGroup;
			children = (
				9C42B0F7186C3843E70D11F9 /* Pods_FlixClone.framework */,
				0C7DA96353E5A395A0452639 /* Pods_FlixClone_FlixCloneUITests.framework */,
				5A3165E61A1476AEBD10C31F /* Pods_FlixCloneTests.framework */,
			);
			name = Frameworks;
			sourceTree = "<group>";
		};
		25C5DB8C26E811BD0045301F = {
			isa = PBXGroup;
			children = (
				25C5DB9726E811BD0045301F /* FlixClone */,
				25C5DBAE26E811C10045301F /* FlixCloneTests */,
				25C5DBB926E811C10045301F /* FlixCloneUITests */,
				25C5DB9626E811BD0045301F /* Products */,
				A817F9E24E6CF523E9CE85AB /* Pods */,
				05BB68B67432163D26A8F617 /* Frameworks */,
			);
			sourceTree = "<group>";
		};
		25C5DB9626E811BD0045301F /* Products */ = {
			isa = PBXGroup;
			children = (
				25C5DB9526E811BD0045301F /* FlixClone.app */,
				25C5DBAB26E811C10045301F /* FlixCloneTests.xctest */,
				25C5DBB626E811C10045301F /* FlixCloneUITests.xctest */,
			);
			name = Products;
			sourceTree = "<group>";
		};
		25C5DB9726E811BD0045301F /* FlixClone */ = {
			isa = PBXGroup;
			children = (
				25C5DB9826E811BD0045301F /* AppDelegate.swift */,
				25C5DB9A26E811BD0045301F /* SceneDelegate.swift */,
				25C5DB9E26E811BD0045301F /* Main.storyboard */,
				25C5DBA126E811C00045301F /* Assets.xcassets */,
				25C5DBA326E811C00045301F /* LaunchScreen.storyboard */,
				25C5DBA626E811C00045301F /* Info.plist */,
				25C5DBC826E813D90045301F /* MoviesViewController.swift */,
				25CFE35926EAAADF0007205C /* MovieCell.swift */,
				255E105326F96F7900632D0D /* MovieDetailsViewController.swift */,
				256904F626FACE8700B8125F /* MovieGridViewController.swift */,
				256904F826FAD6BD00B8125F /* MovieGridCell.swift */,
			);
			path = FlixClone;
			sourceTree = "<group>";
		};
		25C5DBAE26E811C10045301F /* FlixCloneTests */ = {
			isa = PBXGroup;
			children = (
				25C5DBAF26E811C10045301F /* FlixCloneTests.swift */,
				25C5DBB126E811C10045301F /* Info.plist */,
			);
			path = FlixCloneTests;
			sourceTree = "<group>";
		};
		25C5DBB926E811C10045301F /* FlixCloneUITests */ = {
			isa = PBXGroup;
			children = (
				25C5DBBA26E811C10045301F /* FlixCloneUITests.swift */,
				25C5DBBC26E811C10045301F /* Info.plist */,
			);
			path = FlixCloneUITests;
			sourceTree = "<group>";
		};
		A817F9E24E6CF523E9CE85AB /* Pods */ = {
			isa = PBXGroup;
			children = (
				9C0E0E6B2641727F793B80A6 /* Pods-FlixClone.debug.xcconfig */,
				F5EE5FE46F164498A686D4CF /* Pods-FlixClone.release.xcconfig */,
				84B20866B65704C49018B2CE /* Pods-FlixClone-FlixCloneUITests.debug.xcconfig */,
				57483F3BA2999A2B43402842 /* Pods-FlixClone-FlixCloneUITests.release.xcconfig */,
				D844362E07E55881ADDABA2D /* Pods-FlixCloneTests.debug.xcconfig */,
				297ACACBD93B218368B1EE9D /* Pods-FlixCloneTests.release.xcconfig */,
			);
			path = Pods;
			sourceTree = "<group>";
		};
/* End PBXGroup section */

/* Begin PBXNativeTarget section */
		25C5DB9426E811BD0045301F /* FlixClone */ = {
			isa = PBXNativeTarget;
			buildConfigurationList = 25C5DBBF26E811C10045301F /* Build configuration list for PBXNativeTarget "FlixClone" */;
			buildPhases = (
				D492CB8A41ADF6F2F488D7DE /* [CP] Check Pods Manifest.lock */,
				25C5DB9126E811BD0045301F /* Sources */,
				25C5DB9226E811BD0045301F /* Frameworks */,
				25C5DB9326E811BD0045301F /* Resources */,
				E5AB042BCDA0A8821B15A7ED /* [CP] Embed Pods Frameworks */,
			);
			buildRules = (
			);
			dependencies = (
			);
			name = FlixClone;
			packageProductDependencies = (
				25A2158826EECD2D00EADF3B /* AlamofireImage */,
			);
			productName = FlixClone;
			productReference = 25C5DB9526E811BD0045301F /* FlixClone.app */;
			productType = "com.apple.product-type.application";
		};
		25C5DBAA26E811C10045301F /* FlixCloneTests */ = {
			isa = PBXNativeTarget;
			buildConfigurationList = 25C5DBC226E811C10045301F /* Build configuration list for PBXNativeTarget "FlixCloneTests" */;
			buildPhases = (
				E06ED79274C633CA38EFEBF8 /* [CP] Check Pods Manifest.lock */,
				25C5DBA726E811C10045301F /* Sources */,
				25C5DBA826E811C10045301F /* Frameworks */,
				25C5DBA926E811C10045301F /* Resources */,
			);
			buildRules = (
			);
			dependencies = (
				25C5DBAD26E811C10045301F /* PBXTargetDependency */,
			);
			name = FlixCloneTests;
			productName = FlixCloneTests;
			productReference = 25C5DBAB26E811C10045301F /* FlixCloneTests.xctest */;
			productType = "com.apple.product-type.bundle.unit-test";
		};
		25C5DBB526E811C10045301F /* FlixCloneUITests */ = {
			isa = PBXNativeTarget;
			buildConfigurationList = 25C5DBC526E811C10045301F /* Build configuration list for PBXNativeTarget "FlixCloneUITests" */;
			buildPhases = (
				8A6D03ECE561479D8D057CB7 /* [CP] Check Pods Manifest.lock */,
				25C5DBB226E811C10045301F /* Sources */,
				25C5DBB326E811C10045301F /* Frameworks */,
				25C5DBB426E811C10045301F /* Resources */,
				4F2DC894AABF8476059B3F2F /* [CP] Embed Pods Frameworks */,
			);
			buildRules = (
			);
			dependencies = (
				25C5DBB826E811C10045301F /* PBXTargetDependency */,
			);
			name = FlixCloneUITests;
			productName = FlixCloneUITests;
			productReference = 25C5DBB626E811C10045301F /* FlixCloneUITests.xctest */;
			productType = "com.apple.product-type.bundle.ui-testing";
		};
/* End PBXNativeTarget section */

/* Begin PBXProject section */
		25C5DB8D26E811BD0045301F /* Project object */ = {
			isa = PBXProject;
			attributes = {
				LastSwiftUpdateCheck = 1250;
				LastUpgradeCheck = 1250;
				TargetAttributes = {
					25C5DB9426E811BD0045301F = {
						CreatedOnToolsVersion = 12.5.1;
					};
					25C5DBAA26E811C10045301F = {
						CreatedOnToolsVersion = 12.5.1;
						TestTargetID = 25C5DB9426E811BD0045301F;
					};
					25C5DBB526E811C10045301F = {
						CreatedOnToolsVersion = 12.5.1;
						TestTargetID = 25C5DB9426E811BD0045301F;
					};
				};
			};
			buildConfigurationList = 25C5DB9026E811BD0045301F /* Build configuration list for PBXProject "FlixClone" */;
			compatibilityVersion = "Xcode 9.3";
			developmentRegion = en;
			hasScannedForEncodings = 0;
			knownRegions = (
				en,
				Base,
			);
			mainGroup = 25C5DB8C26E811BD0045301F;
			packageReferences = (
				25A2158726EECD2D00EADF3B /* XCRemoteSwiftPackageReference "AlamofireImage" */,
			);
			productRefGroup = 25C5DB9626E811BD0045301F /* Products */;
			projectDirPath = "";
			projectRoot = "";
			targets = (
				25C5DB9426E811BD0045301F /* FlixClone */,
				25C5DBAA26E811C10045301F /* FlixCloneTests */,
				25C5DBB526E811C10045301F /* FlixCloneUITests */,
			);
		};
/* End PBXProject section */

/* Begin PBXResourcesBuildPhase section */
		25C5DB9326E811BD0045301F /* Resources */ = {
			isa = PBXResourcesBuildPhase;
			buildActionMask = 2147483647;
			files = (
				25C5DBA526E811C00045301F /* LaunchScreen.storyboard in Resources */,
				25C5DBA226E811C00045301F /* Assets.xcassets in Resources */,
				25C5DBA026E811BD0045301F /* Main.storyboard in Resources */,
			);
			runOnlyForDeploymentPostprocessing = 0;
		};
		25C5DBA926E811C10045301F /* Resources */ = {
			isa = PBXResourcesBuildPhase;
			buildActionMask = 2147483647;
			files = (
			);
			runOnlyForDeploymentPostprocessing = 0;
		};
		25C5DBB426E811C10045301F /* Resources */ = {
			isa = PBXResourcesBuildPhase;
			buildActionMask = 2147483647;
			files = (
			);
			runOnlyForDeploymentPostprocessing = 0;
		};
/* End PBXResourcesBuildPhase section */

/* Begin PBXShellScriptBuildPhase section */
		4F2DC894AABF8476059B3F2F /* [CP] Embed Pods Frameworks */ = {
			isa = PBXShellScriptBuildPhase;
			buildActionMask = 2147483647;
			files = (
			);
			inputFileListPaths = (
				"${PODS_ROOT}/Target Support Files/Pods-FlixClone-FlixCloneUITests/Pods-FlixClone-FlixCloneUITests-frameworks-${CONFIGURATION}-input-files.xcfilelist",
			);
			name = "[CP] Embed Pods Frameworks";
			outputFileListPaths = (
				"${PODS_ROOT}/Target Support Files/Pods-FlixClone-FlixCloneUITests/Pods-FlixClone-FlixCloneUITests-frameworks-${CONFIGURATION}-output-files.xcfilelist",
			);
			runOnlyForDeploymentPostprocessing = 0;
			shellPath = /bin/sh;
			shellScript = "\"${PODS_ROOT}/Target Support Files/Pods-FlixClone-FlixCloneUITests/Pods-FlixClone-FlixCloneUITests-frameworks.sh\"\n";
			showEnvVarsInLog = 0;
		};
		8A6D03ECE561479D8D057CB7 /* [CP] Check Pods Manifest.lock */ = {
			isa = PBXShellScriptBuildPhase;
			buildActionMask = 2147483647;
			files = (
			);
			inputFileListPaths = (
			);
			inputPaths = (
				"${PODS_PODFILE_DIR_PATH}/Podfile.lock",
				"${PODS_ROOT}/Manifest.lock",
			);
			name = "[CP] Check Pods Manifest.lock";
			outputFileListPaths = (
			);
			outputPaths = (
				"$(DERIVED_FILE_DIR)/Pods-FlixClone-FlixCloneUITests-checkManifestLockResult.txt",
			);
			runOnlyForDeploymentPostprocessing = 0;
			shellPath = /bin/sh;
			shellScript = "diff \"${PODS_PODFILE_DIR_PATH}/Podfile.lock\" \"${PODS_ROOT}/Manifest.lock\" > /dev/null\nif [ $? != 0 ] ; then\n    # print error to STDERR\n    echo \"error: The sandbox is not in sync with the Podfile.lock. Run 'pod install' or update your CocoaPods installation.\" >&2\n    exit 1\nfi\n# This output is used by Xcode 'outputs' to avoid re-running this script phase.\necho \"SUCCESS\" > \"${SCRIPT_OUTPUT_FILE_0}\"\n";
			showEnvVarsInLog = 0;
		};
		D492CB8A41ADF6F2F488D7DE /* [CP] Check Pods Manifest.lock */ = {
			isa = PBXShellScriptBuildPhase;
			buildActionMask = 2147483647;
			files = (
			);
			inputFileListPaths = (
			);
			inputPaths = (
				"${PODS_PODFILE_DIR_PATH}/Podfile.lock",
				"${PODS_ROOT}/Manifest.lock",
			);
			name = "[CP] Check Pods Manifest.lock";
			outputFileListPaths = (
			);
			outputPaths = (
				"$(DERIVED_FILE_DIR)/Pods-FlixClone-checkManifestLockResult.txt",
			);
			runOnlyForDeploymentPostprocessing = 0;
			shellPath = /bin/sh;
			shellScript = "diff \"${PODS_PODFILE_DIR_PATH}/Podfile.lock\" \"${PODS_ROOT}/Manifest.lock\" > /dev/null\nif [ $? != 0 ] ; then\n    # print error to STDERR\n    echo \"error: The sandbox is not in sync with the Podfile.lock. Run 'pod install' or update your CocoaPods installation.\" >&2\n    exit 1\nfi\n# This output is used by Xcode 'outputs' to avoid re-running this script phase.\necho \"SUCCESS\" > \"${SCRIPT_OUTPUT_FILE_0}\"\n";
			showEnvVarsInLog = 0;
		};
		E06ED79274C633CA38EFEBF8 /* [CP] Check Pods Manifest.lock */ = {
			isa = PBXShellScriptBuildPhase;
			buildActionMask = 2147483647;
			files = (
			);
			inputFileListPaths = (
			);
			inputPaths = (
				"${PODS_PODFILE_DIR_PATH}/Podfile.lock",
				"${PODS_ROOT}/Manifest.lock",
			);
			name = "[CP] Check Pods Manifest.lock";
			outputFileListPaths = (
			);
			outputPaths = (
				"$(DERIVED_FILE_DIR)/Pods-FlixCloneTests-checkManifestLockResult.txt",
			);
			runOnlyForDeploymentPostprocessing = 0;
			shellPath = /bin/sh;
			shellScript = "diff \"${PODS_PODFILE_DIR_PATH}/Podfile.lock\" \"${PODS_ROOT}/Manifest.lock\" > /dev/null\nif [ $? != 0 ] ; then\n    # print error to STDERR\n    echo \"error: The sandbox is not in sync with the Podfile.lock. Run 'pod install' or update your CocoaPods installation.\" >&2\n    exit 1\nfi\n# This output is used by Xcode 'outputs' to avoid re-running this script phase.\necho \"SUCCESS\" > \"${SCRIPT_OUTPUT_FILE_0}\"\n";
			showEnvVarsInLog = 0;
		};
		E5AB042BCDA0A8821B15A7ED /* [CP] Embed Pods Frameworks */ = {
			isa = PBXShellScriptBuildPhase;
			buildActionMask = 2147483647;
			files = (
			);
			inputFileListPaths = (
				"${PODS_ROOT}/Target Support Files/Pods-FlixClone/Pods-FlixClone-frameworks-${CONFIGURATION}-input-files.xcfilelist",
			);
			name = "[CP] Embed Pods Frameworks";
			outputFileListPaths = (
				"${PODS_ROOT}/Target Support Files/Pods-FlixClone/Pods-FlixClone-frameworks-${CONFIGURATION}-output-files.xcfilelist",
			);
			runOnlyForDeploymentPostprocessing = 0;
			shellPath = /bin/sh;
			shellScript = "\"${PODS_ROOT}/Target Support Files/Pods-FlixClone/Pods-FlixClone-frameworks.sh\"\n";
			showEnvVarsInLog = 0;
		};
/* End PBXShellScriptBuildPhase section */

/* Begin PBXSourcesBuildPhase section */
		25C5DB9126E811BD0045301F /* Sources */ = {
			isa = PBXSourcesBuildPhase;
			buildActionMask = 2147483647;
			files = (
				255E105426F96F7900632D0D /* MovieDetailsViewController.swift in Sources */,
				25C5DB9926E811BD0045301F /* AppDelegate.swift in Sources */,
				25C5DB9B26E811BD0045301F /* SceneDelegate.swift in Sources */,
				25CFE35A26EAAADF0007205C /* MovieCell.swift in Sources */,
				25C5DBC926E813D90045301F /* MoviesViewController.swift in Sources */,
				256904F726FACE8700B8125F /* MovieGridViewController.swift in Sources */,
				256904F926FAD6BD00B8125F /* MovieGridCell.swift in Sources */,
			);
			runOnlyForDeploymentPostprocessing = 0;
		};
		25C5DBA726E811C10045301F /* Sources */ = {
			isa = PBXSourcesBuildPhase;
			buildActionMask = 2147483647;
			files = (
				25C5DBB026E811C10045301F /* FlixCloneTests.swift in Sources */,
			);
			runOnlyForDeploymentPostprocessing = 0;
		};
		25C5DBB226E811C10045301F /* Sources */ = {
			isa = PBXSourcesBuildPhase;
			buildActionMask = 2147483647;
			files = (
				25C5DBBB26E811C10045301F /* FlixCloneUITests.swift in Sources */,
			);
			runOnlyForDeploymentPostprocessing = 0;
		};
/* End PBXSourcesBuildPhase section */

/* Begin PBXTargetDependency section */
		25C5DBAD26E811C10045301F /* PBXTargetDependency */ = {
			isa = PBXTargetDependency;
			target = 25C5DB9426E811BD0045301F /* FlixClone */;
			targetProxy = 25C5DBAC26E811C10045301F /* PBXContainerItemProxy */;
		};
		25C5DBB826E811C10045301F /* PBXTargetDependency */ = {
			isa = PBXTargetDependency;
			target = 25C5DB9426E811BD0045301F /* FlixClone */;
			targetProxy = 25C5DBB726E811C10045301F /* PBXContainerItemProxy */;
		};
/* End PBXTargetDependency section */

/* Begin PBXVariantGroup section */
		25C5DB9E26E811BD0045301F /* Main.storyboard */ = {
			isa = PBXVariantGroup;
			children = (
				25C5DB9F26E811BD0045301F /* Base */,
			);
			name = Main.storyboard;
			sourceTree = "<group>";
		};
		25C5DBA326E811C00045301F /* LaunchScreen.storyboard */ = {
			isa = PBXVariantGroup;
			children = (
				25C5DBA426E811C00045301F /* Base */,
			);
			name = LaunchScreen.storyboard;
			sourceTree = "<group>";
		};
/* End PBXVariantGroup section */

/* Begin XCBuildConfiguration section */
		25C5DBBD26E811C10045301F /* Debug */ = {
			isa = XCBuildConfiguration;
			buildSettings = {
				ALWAYS_SEARCH_USER_PATHS = NO;
				CLANG_ANALYZER_NONNULL = YES;
				CLANG_ANALYZER_NUMBER_OBJECT_CONVERSION = YES_AGGRESSIVE;
				CLANG_CXX_LANGUAGE_STANDARD = "gnu++14";
				CLANG_CXX_LIBRARY = "libc++";
				CLANG_ENABLE_MODULES = YES;
				CLANG_ENABLE_OBJC_ARC = YES;
				CLANG_ENABLE_OBJC_WEAK = YES;
				CLANG_WARN_BLOCK_CAPTURE_AUTORELEASING = YES;
				CLANG_WARN_BOOL_CONVERSION = YES;
				CLANG_WARN_COMMA = YES;
				CLANG_WARN_CONSTANT_CONVERSION = YES;
				CLANG_WARN_DEPRECATED_OBJC_IMPLEMENTATIONS = YES;
				CLANG_WARN_DIRECT_OBJC_ISA_USAGE = YES_ERROR;
				CLANG_WARN_DOCUMENTATION_COMMENTS = YES;
				CLANG_WARN_EMPTY_BODY = YES;
				CLANG_WARN_ENUM_CONVERSION = YES;
				CLANG_WARN_INFINITE_RECURSION = YES;
				CLANG_WARN_INT_CONVERSION = YES;
				CLANG_WARN_NON_LITERAL_NULL_CONVERSION = YES;
				CLANG_WARN_OBJC_IMPLICIT_RETAIN_SELF = YES;
				CLANG_WARN_OBJC_LITERAL_CONVERSION = YES;
				CLANG_WARN_OBJC_ROOT_CLASS = YES_ERROR;
				CLANG_WARN_QUOTED_INCLUDE_IN_FRAMEWORK_HEADER = YES;
				CLANG_WARN_RANGE_LOOP_ANALYSIS = YES;
				CLANG_WARN_STRICT_PROTOTYPES = YES;
				CLANG_WARN_SUSPICIOUS_MOVE = YES;
				CLANG_WARN_UNGUARDED_AVAILABILITY = YES_AGGRESSIVE;
				CLANG_WARN_UNREACHABLE_CODE = YES;
				CLANG_WARN__DUPLICATE_METHOD_MATCH = YES;
				COPY_PHASE_STRIP = NO;
				DEBUG_INFORMATION_FORMAT = dwarf;
				ENABLE_STRICT_OBJC_MSGSEND = YES;
				ENABLE_TESTABILITY = YES;
				GCC_C_LANGUAGE_STANDARD = gnu11;
				GCC_DYNAMIC_NO_PIC = NO;
				GCC_NO_COMMON_BLOCKS = YES;
				GCC_OPTIMIZATION_LEVEL = 0;
				GCC_PREPROCESSOR_DEFINITIONS = (
					"DEBUG=1",
					"$(inherited)",
				);
				GCC_WARN_64_TO_32_BIT_CONVERSION = YES;
				GCC_WARN_ABOUT_RETURN_TYPE = YES_ERROR;
				GCC_WARN_UNDECLARED_SELECTOR = YES;
				GCC_WARN_UNINITIALIZED_AUTOS = YES_AGGRESSIVE;
				GCC_WARN_UNUSED_FUNCTION = YES;
				GCC_WARN_UNUSED_VARIABLE = YES;
				IPHONEOS_DEPLOYMENT_TARGET = 14.5;
				MTL_ENABLE_DEBUG_INFO = INCLUDE_SOURCE;
				MTL_FAST_MATH = YES;
				ONLY_ACTIVE_ARCH = YES;
				SDKROOT = iphoneos;
				SWIFT_ACTIVE_COMPILATION_CONDITIONS = DEBUG;
				SWIFT_OPTIMIZATION_LEVEL = "-Onone";
			};
			name = Debug;
		};
		25C5DBBE26E811C10045301F /* Release */ = {
			isa = XCBuildConfiguration;
			buildSettings = {
				ALWAYS_SEARCH_USER_PATHS = NO;
				CLANG_ANALYZER_NONNULL = YES;
				CLANG_ANALYZER_NUMBER_OBJECT_CONVERSION = YES_AGGRESSIVE;
				CLANG_CXX_LANGUAGE_STANDARD = "gnu++14";
				CLANG_CXX_LIBRARY = "libc++";
				CLANG_ENABLE_MODULES = YES;
				CLANG_ENABLE_OBJC_ARC = YES;
				CLANG_ENABLE_OBJC_WEAK = YES;
				CLANG_WARN_BLOCK_CAPTURE_AUTORELEASING = YES;
				CLANG_WARN_BOOL_CONVERSION = YES;
				CLANG_WARN_COMMA = YES;
				CLANG_WARN_CONSTANT_CONVERSION = YES;
				CLANG_WARN_DEPRECATED_OBJC_IMPLEMENTATIONS = YES;
				CLANG_WARN_DIRECT_OBJC_ISA_USAGE = YES_ERROR;
				CLANG_WARN_DOCUMENTATION_COMMENTS = YES;
				CLANG_WARN_EMPTY_BODY = YES;
				CLANG_WARN_ENUM_CONVERSION = YES;
				CLANG_WARN_INFINITE_RECURSION = YES;
				CLANG_WARN_INT_CONVERSION = YES;
				CLANG_WARN_NON_LITERAL_NULL_CONVERSION = YES;
				CLANG_WARN_OBJC_IMPLICIT_RETAIN_SELF = YES;
				CLANG_WARN_OBJC_LITERAL_CONVERSION = YES;
				CLANG_WARN_OBJC_ROOT_CLASS = YES_ERROR;
				CLANG_WARN_QUOTED_INCLUDE_IN_FRAMEWORK_HEADER = YES;
				CLANG_WARN_RANGE_LOOP_ANALYSIS = YES;
				CLANG_WARN_STRICT_PROTOTYPES = YES;
				CLANG_WARN_SUSPICIOUS_MOVE = YES;
				CLANG_WARN_UNGUARDED_AVAILABILITY = YES_AGGRESSIVE;
				CLANG_WARN_UNREACHABLE_CODE = YES;
				CLANG_WARN__DUPLICATE_METHOD_MATCH = YES;
				COPY_PHASE_STRIP = NO;
				DEBUG_INFORMATION_FORMAT = "dwarf-with-dsym";
				ENABLE_NS_ASSERTIONS = NO;
				ENABLE_STRICT_OBJC_MSGSEND = YES;
				GCC_C_LANGUAGE_STANDARD = gnu11;
				GCC_NO_COMMON_BLOCKS = YES;
				GCC_WARN_64_TO_32_BIT_CONVERSION = YES;
				GCC_WARN_ABOUT_RETURN_TYPE = YES_ERROR;
				GCC_WARN_UNDECLARED_SELECTOR = YES;
				GCC_WARN_UNINITIALIZED_AUTOS = YES_AGGRESSIVE;
				GCC_WARN_UNUSED_FUNCTION = YES;
				GCC_WARN_UNUSED_VARIABLE = YES;
				IPHONEOS_DEPLOYMENT_TARGET = 14.5;
				MTL_ENABLE_DEBUG_INFO = NO;
				MTL_FAST_MATH = YES;
				SDKROOT = iphoneos;
				SWIFT_COMPILATION_MODE = wholemodule;
				SWIFT_OPTIMIZATION_LEVEL = "-O";
				VALIDATE_PRODUCT = YES;
			};
			name = Release;
		};
		25C5DBC026E811C10045301F /* Debug */ = {
			isa = XCBuildConfiguration;
			baseConfigurationReference = 9C0E0E6B2641727F793B80A6 /* Pods-FlixClone.debug.xcconfig */;
			buildSettings = {
				ASSETCATALOG_COMPILER_APPICON_NAME = AppIcon;
				ASSETCATALOG_COMPILER_GLOBAL_ACCENT_COLOR_NAME = AccentColor;
				CODE_SIGN_STYLE = Automatic;
				INFOPLIST_FILE = FlixClone/Info.plist;
				LD_RUNPATH_SEARCH_PATHS = (
					"$(inherited)",
					"@executable_path/Frameworks",
				);
				PRODUCT_BUNDLE_IDENTIFIER = urvik95.FlixClone;
				PRODUCT_NAME = "$(TARGET_NAME)";
				SWIFT_VERSION = 5.0;
				TARGETED_DEVICE_FAMILY = "1,2";
			};
			name = Debug;
		};
		25C5DBC126E811C10045301F /* Release */ = {
			isa = XCBuildConfiguration;
			baseConfigurationReference = F5EE5FE46F164498A686D4CF /* Pods-FlixClone.release.xcconfig */;
			buildSettings = {
				ASSETCATALOG_COMPILER_APPICON_NAME = AppIcon;
				ASSETCATALOG_COMPILER_GLOBAL_ACCENT_COLOR_NAME = AccentColor;
				CODE_SIGN_STYLE = Automatic;
				INFOPLIST_FILE = FlixClone/Info.plist;
				LD_RUNPATH_SEARCH_PATHS = (
					"$(inherited)",
					"@executable_path/Frameworks",
				);
				PRODUCT_BUNDLE_IDENTIFIER = urvik95.FlixClone;
				PRODUCT_NAME = "$(TARGET_NAME)";
				SWIFT_VERSION = 5.0;
				TARGETED_DEVICE_FAMILY = "1,2";
			};
			name = Release;
		};
		25C5DBC326E811C10045301F /* Debug */ = {
			isa = XCBuildConfiguration;
			baseConfigurationReference = D844362E07E55881ADDABA2D /* Pods-FlixCloneTests.debug.xcconfig */;
			buildSettings = {
				ALWAYS_EMBED_SWIFT_STANDARD_LIBRARIES = YES;
				BUNDLE_LOADER = "$(TEST_HOST)";
				CODE_SIGN_STYLE = Automatic;
				INFOPLIST_FILE = FlixCloneTests/Info.plist;
				IPHONEOS_DEPLOYMENT_TARGET = 14.5;
				LD_RUNPATH_SEARCH_PATHS = (
					"$(inherited)",
					"@executable_path/Frameworks",
					"@loader_path/Frameworks",
				);
				PRODUCT_BUNDLE_IDENTIFIER = urvik95.FlixCloneTests;
				PRODUCT_NAME = "$(TARGET_NAME)";
				SWIFT_VERSION = 5.0;
				TARGETED_DEVICE_FAMILY = "1,2";
				TEST_HOST = "$(BUILT_PRODUCTS_DIR)/FlixClone.app/FlixClone";
			};
			name = Debug;
		};
		25C5DBC426E811C10045301F /* Release */ = {
			isa = XCBuildConfiguration;
			baseConfigurationReference = 297ACACBD93B218368B1EE9D /* Pods-FlixCloneTests.release.xcconfig */;
			buildSettings = {
				ALWAYS_EMBED_SWIFT_STANDARD_LIBRARIES = YES;
				BUNDLE_LOADER = "$(TEST_HOST)";
				CODE_SIGN_STYLE = Automatic;
				INFOPLIST_FILE = FlixCloneTests/Info.plist;
				IPHONEOS_DEPLOYMENT_TARGET = 14.5;
				LD_RUNPATH_SEARCH_PATHS = (
					"$(inherited)",
					"@executable_path/Frameworks",
					"@loader_path/Frameworks",
				);
				PRODUCT_BUNDLE_IDENTIFIER = urvik95.FlixCloneTests;
				PRODUCT_NAME = "$(TARGET_NAME)";
				SWIFT_VERSION = 5.0;
				TARGETED_DEVICE_FAMILY = "1,2";
				TEST_HOST = "$(BUILT_PRODUCTS_DIR)/FlixClone.app/FlixClone";
			};
			name = Release;
		};
		25C5DBC626E811C10045301F /* Debug */ = {
			isa = XCBuildConfiguration;
			baseConfigurationReference = 84B20866B65704C49018B2CE /* Pods-FlixClone-FlixCloneUITests.debug.xcconfig */;
			buildSettings = {
				ALWAYS_EMBED_SWIFT_STANDARD_LIBRARIES = YES;
				CODE_SIGN_STYLE = Automatic;
				INFOPLIST_FILE = FlixCloneUITests/Info.plist;
				LD_RUNPATH_SEARCH_PATHS = (
					"$(inherited)",
					"@executable_path/Frameworks",
					"@loader_path/Frameworks",
				);
				PRODUCT_BUNDLE_IDENTIFIER = urvik95.FlixCloneUITests;
				PRODUCT_NAME = "$(TARGET_NAME)";
				SWIFT_VERSION = 5.0;
				TARGETED_DEVICE_FAMILY = "1,2";
				TEST_TARGET_NAME = FlixClone;
			};
			name = Debug;
		};
		25C5DBC726E811C10045301F /* Release */ = {
			isa = XCBuildConfiguration;
			baseConfigurationReference = 57483F3BA2999A2B43402842 /* Pods-FlixClone-FlixCloneUITests.release.xcconfig */;
			buildSettings = {
				ALWAYS_EMBED_SWIFT_STANDARD_LIBRARIES = YES;
				CODE_SIGN_STYLE = Automatic;
				INFOPLIST_FILE = FlixCloneUITests/Info.plist;
				LD_RUNPATH_SEARCH_PATHS = (
					"$(inherited)",
					"@executable_path/Frameworks",
					"@loader_path/Frameworks",
				);
				PRODUCT_BUNDLE_IDENTIFIER = urvik95.FlixCloneUITests;
				PRODUCT_NAME = "$(TARGET_NAME)";
				SWIFT_VERSION = 5.0;
				TARGETED_DEVICE_FAMILY = "1,2";
				TEST_TARGET_NAME = FlixClone;
			};
			name = Release;
		};
/* End XCBuildConfiguration section */

/* Begin XCConfigurationList section */
		25C5DB9026E811BD0045301F /* Build configuration list for PBXProject "FlixClone" */ = {
			isa = XCConfigurationList;
			buildConfigurations = (
				25C5DBBD26E811C10045301F /* Debug */,
				25C5DBBE26E811C10045301F /* Release */,
			);
			defaultConfigurationIsVisible = 0;
			defaultConfigurationName = Release;
		};
		25C5DBBF26E811C10045301F /* Build configuration list for PBXNativeTarget "FlixClone" */ = {
			isa = XCConfigurationList;
			buildConfigurations = (
				25C5DBC026E811C10045301F /* Debug */,
				25C5DBC126E811C10045301F /* Release */,
			);
			defaultConfigurationIsVisible = 0;
			defaultConfigurationName = Release;
		};
		25C5DBC226E811C10045301F /* Build configuration list for PBXNativeTarget "FlixCloneTests" */ = {
			isa = XCConfigurationList;
			buildConfigurations = (
				25C5DBC326E811C10045301F /* Debug */,
				25C5DBC426E811C10045301F /* Release */,
			);
			defaultConfigurationIsVisible = 0;
			defaultConfigurationName = Release;
		};
		25C5DBC526E811C10045301F /* Build configuration list for PBXNativeTarget "FlixCloneUITests" */ = {
			isa = XCConfigurationList;
			buildConfigurations = (
				25C5DBC626E811C10045301F /* Debug */,
				25C5DBC726E811C10045301F /* Release */,
			);
			defaultConfigurationIsVisible = 0;
			defaultConfigurationName = Release;
		};
/* End XCConfigurationList section */

/* Begin XCRemoteSwiftPackageReference section */
		25A2158726EECD2D00EADF3B /* XCRemoteSwiftPackageReference "AlamofireImage" */ = {
			isa = XCRemoteSwiftPackageReference;
			repositoryURL = "https://github.com/Alamofire/AlamofireImage";
			requirement = {
				kind = upToNextMajorVersion;
				minimumVersion = 4.2.0;
			};
		};
/* End XCRemoteSwiftPackageReference section */

/* Begin XCSwiftPackageProductDependency section */
		25A2158826EECD2D00EADF3B /* AlamofireImage */ = {
			isa = XCSwiftPackageProductDependency;
			package = 25A2158726EECD2D00EADF3B /* XCRemoteSwiftPackageReference "AlamofireImage" */;
			productName = AlamofireImage;
		};
/* End XCSwiftPackageProductDependency section */
	};
	rootObject = 25C5DB8D26E811BD0045301F /* Project object */;
}
